// !$*UTF8*$!
{
	archiveVersion = 1;
	classes = {
	};
	objectVersion = 56;
	objects = {

/* Begin PBXBuildFile section */
		1F334AA37B125AD9249EFD8B /* Pods_CaseStudyProductListing_CaseStudyProductListingUITests.framework in Frameworks */ = {isa = PBXBuildFile; fileRef = ACDCE3447794B7A0E2FEB6EF /* Pods_CaseStudyProductListing_CaseStudyProductListingUITests.framework */; };
		6A8AAE9219AC6832992D08FA /* Pods_CaseStudyProductListingTests.framework in Frameworks */ = {isa = PBXBuildFile; fileRef = C07B035CC1B151A516B497A1 /* Pods_CaseStudyProductListingTests.framework */; };
		A60E718E2A64C07000CC00FD /* RegistrationViewModelTest.swift in Sources */ = {isa = PBXBuildFile; fileRef = A60E718D2A64C07000CC00FD /* RegistrationViewModelTest.swift */; };
		A60E718F2A64C18D00CC00FD /* RegistrationViewModel.swift in Sources */ = {isa = PBXBuildFile; fileRef = A6EDEFDF2A6164E600595DE5 /* RegistrationViewModel.swift */; };
		A60E71902A64C1A300CC00FD /* DashboardViewModel.swift in Sources */ = {isa = PBXBuildFile; fileRef = A6EDEFDD2A61648200595DE5 /* DashboardViewModel.swift */; };
		A60E71912A64C5E200CC00FD /* Observable.swift in Sources */ = {isa = PBXBuildFile; fileRef = A6EDEFD32A60B54400595DE5 /* Observable.swift */; };
		A60E71922A64C61F00CC00FD /* NetworkManager.swift in Sources */ = {isa = PBXBuildFile; fileRef = A6EDEFD12A602BE800595DE5 /* NetworkManager.swift */; };
		A60E71952A64C81000CC00FD /* DashboardViewModelTest.swift in Sources */ = {isa = PBXBuildFile; fileRef = A60E71942A64C81000CC00FD /* DashboardViewModelTest.swift */; };
		A61417E82A62049D000F8551 /* RegistrationModule.swift in Sources */ = {isa = PBXBuildFile; fileRef = A61417E72A62049D000F8551 /* RegistrationModule.swift */; };
		A61417EA2A62053E000F8551 /* RegistrationRouter.swift in Sources */ = {isa = PBXBuildFile; fileRef = A61417E92A62053E000F8551 /* RegistrationRouter.swift */; };
		A61417ED2A620607000F8551 /* DashboardModule.swift in Sources */ = {isa = PBXBuildFile; fileRef = A61417EC2A620607000F8551 /* DashboardModule.swift */; };
		A61417EF2A620B61000F8551 /* DashboardRouter.swift in Sources */ = {isa = PBXBuildFile; fileRef = A61417EE2A620B61000F8551 /* DashboardRouter.swift */; };
		A61417F32A640121000F8551 /* ArticleCell.swift in Sources */ = {isa = PBXBuildFile; fileRef = A61417F12A640121000F8551 /* ArticleCell.swift */; };
		A61417F42A640121000F8551 /* ArticleCell.xib in Resources */ = {isa = PBXBuildFile; fileRef = A61417F22A640121000F8551 /* ArticleCell.xib */; };
		A61417F82A641742000F8551 /* UItableViewExtensions.swift in Sources */ = {isa = PBXBuildFile; fileRef = A61417F72A641742000F8551 /* UItableViewExtensions.swift */; };
		A6EDEF992A5FF13500595DE5 /* AppDelegate.swift in Sources */ = {isa = PBXBuildFile; fileRef = A6EDEF982A5FF13500595DE5 /* AppDelegate.swift */; };
		A6EDEF9B2A5FF13500595DE5 /* SceneDelegate.swift in Sources */ = {isa = PBXBuildFile; fileRef = A6EDEF9A2A5FF13500595DE5 /* SceneDelegate.swift */; };
		A6EDEFA02A5FF13500595DE5 /* Main.storyboard in Resources */ = {isa = PBXBuildFile; fileRef = A6EDEF9E2A5FF13500595DE5 /* Main.storyboard */; };
		A6EDEFA22A5FF13B00595DE5 /* Assets.xcassets in Resources */ = {isa = PBXBuildFile; fileRef = A6EDEFA12A5FF13B00595DE5 /* Assets.xcassets */; };
		A6EDEFA52A5FF13C00595DE5 /* LaunchScreen.storyboard in Resources */ = {isa = PBXBuildFile; fileRef = A6EDEFA32A5FF13C00595DE5 /* LaunchScreen.storyboard */; };
		A6EDEFB02A5FF13E00595DE5 /* CaseStudyProductListingTests.swift in Sources */ = {isa = PBXBuildFile; fileRef = A6EDEFAF2A5FF13E00595DE5 /* CaseStudyProductListingTests.swift */; };
		A6EDEFBA2A5FF13E00595DE5 /* CaseStudyProductListingUITests.swift in Sources */ = {isa = PBXBuildFile; fileRef = A6EDEFB92A5FF13E00595DE5 /* CaseStudyProductListingUITests.swift */; };
		A6EDEFBC2A5FF13E00595DE5 /* CaseStudyProductListingUITestsLaunchTests.swift in Sources */ = {isa = PBXBuildFile; fileRef = A6EDEFBB2A5FF13E00595DE5 /* CaseStudyProductListingUITestsLaunchTests.swift */; };
		A6EDEFCD2A6026C600595DE5 /* Localizable.strings in Resources */ = {isa = PBXBuildFile; fileRef = A6EDEFCF2A6026C600595DE5 /* Localizable.strings */; };
		A6EDEFD22A602BE800595DE5 /* NetworkManager.swift in Sources */ = {isa = PBXBuildFile; fileRef = A6EDEFD12A602BE800595DE5 /* NetworkManager.swift */; };
		A6EDEFD42A60B54500595DE5 /* Observable.swift in Sources */ = {isa = PBXBuildFile; fileRef = A6EDEFD32A60B54400595DE5 /* Observable.swift */; };
		A6EDEFDE2A61648200595DE5 /* DashboardViewModel.swift in Sources */ = {isa = PBXBuildFile; fileRef = A6EDEFDD2A61648200595DE5 /* DashboardViewModel.swift */; };
		A6EDEFE02A6164E600595DE5 /* RegistrationViewModel.swift in Sources */ = {isa = PBXBuildFile; fileRef = A6EDEFDF2A6164E600595DE5 /* RegistrationViewModel.swift */; };
		A6EDEFE22A6165EC00595DE5 /* Articles.swift in Sources */ = {isa = PBXBuildFile; fileRef = A6EDEFE12A6165EC00595DE5 /* Articles.swift */; };
		A6EDEFE32A6165EC00595DE5 /* Articles.swift in Sources */ = {isa = PBXBuildFile; fileRef = A6EDEFE12A6165EC00595DE5 /* Articles.swift */; };
		A6EDEFE92A61711800595DE5 /* DashboardViewController.swift in Sources */ = {isa = PBXBuildFile; fileRef = A6EDEFE82A61711800595DE5 /* DashboardViewController.swift */; };
		A6EDEFEB2A61713C00595DE5 /* RegistrationViewController.swift in Sources */ = {isa = PBXBuildFile; fileRef = A6EDEFEA2A61713C00595DE5 /* RegistrationViewController.swift */; };
		C31A3ADA199D4547E3C28062 /* Pods_CaseStudyProductListing.framework in Frameworks */ = {isa = PBXBuildFile; fileRef = EDA6B17D78D0EC99FCB5C098 /* Pods_CaseStudyProductListing.framework */; };
/* End PBXBuildFile section */

/* Begin PBXContainerItemProxy section */
		A6EDEFAC2A5FF13E00595DE5 /* PBXContainerItemProxy */ = {
			isa = PBXContainerItemProxy;
			containerPortal = A6EDEF8D2A5FF13500595DE5 /* Project object */;
			proxyType = 1;
			remoteGlobalIDString = A6EDEF942A5FF13500595DE5;
			remoteInfo = CaseStudyProductListing;
		};
		A6EDEFB62A5FF13E00595DE5 /* PBXContainerItemProxy */ = {
			isa = PBXContainerItemProxy;
			containerPortal = A6EDEF8D2A5FF13500595DE5 /* Project object */;
			proxyType = 1;
			remoteGlobalIDString = A6EDEF942A5FF13500595DE5;
			remoteInfo = CaseStudyProductListing;
		};
/* End PBXContainerItemProxy section */

/* Begin PBXFileReference section */
		0D12AC5F51C00EB467976A2A /* Pods-CaseStudyProductListing.release.xcconfig */ = {isa = PBXFileReference; includeInIndex = 1; lastKnownFileType = text.xcconfig; name = "Pods-CaseStudyProductListing.release.xcconfig"; path = "Target Support Files/Pods-CaseStudyProductListing/Pods-CaseStudyProductListing.release.xcconfig"; sourceTree = "<group>"; };
		876738D7445EFA322CDAEABC /* Pods-CaseStudyProductListing-CaseStudyProductListingUITests.release.xcconfig */ = {isa = PBXFileReference; includeInIndex = 1; lastKnownFileType = text.xcconfig; name = "Pods-CaseStudyProductListing-CaseStudyProductListingUITests.release.xcconfig"; path = "Target Support Files/Pods-CaseStudyProductListing-CaseStudyProductListingUITests/Pods-CaseStudyProductListing-CaseStudyProductListingUITests.release.xcconfig"; sourceTree = "<group>"; };
		A211FAE2EC21088D653328E2 /* Pods-CaseStudyProductListing-CaseStudyProductListingUITests.debug.xcconfig */ = {isa = PBXFileReference; includeInIndex = 1; lastKnownFileType = text.xcconfig; name = "Pods-CaseStudyProductListing-CaseStudyProductListingUITests.debug.xcconfig"; path = "Target Support Files/Pods-CaseStudyProductListing-CaseStudyProductListingUITests/Pods-CaseStudyProductListing-CaseStudyProductListingUITests.debug.xcconfig"; sourceTree = "<group>"; };
		A60E718D2A64C07000CC00FD /* RegistrationViewModelTest.swift */ = {isa = PBXFileReference; lastKnownFileType = sourcecode.swift; path = RegistrationViewModelTest.swift; sourceTree = "<group>"; };
		A60E71942A64C81000CC00FD /* DashboardViewModelTest.swift */ = {isa = PBXFileReference; lastKnownFileType = sourcecode.swift; path = DashboardViewModelTest.swift; sourceTree = "<group>"; };
		A61417E72A62049D000F8551 /* RegistrationModule.swift */ = {isa = PBXFileReference; lastKnownFileType = sourcecode.swift; path = RegistrationModule.swift; sourceTree = "<group>"; };
		A61417E92A62053E000F8551 /* RegistrationRouter.swift */ = {isa = PBXFileReference; lastKnownFileType = sourcecode.swift; path = RegistrationRouter.swift; sourceTree = "<group>"; };
		A61417EC2A620607000F8551 /* DashboardModule.swift */ = {isa = PBXFileReference; lastKnownFileType = sourcecode.swift; path = DashboardModule.swift; sourceTree = "<group>"; };
		A61417EE2A620B61000F8551 /* DashboardRouter.swift */ = {isa = PBXFileReference; lastKnownFileType = sourcecode.swift; path = DashboardRouter.swift; sourceTree = "<group>"; };
		A61417F12A640121000F8551 /* ArticleCell.swift */ = {isa = PBXFileReference; lastKnownFileType = sourcecode.swift; path = ArticleCell.swift; sourceTree = "<group>"; };
		A61417F22A640121000F8551 /* ArticleCell.xib */ = {isa = PBXFileReference; lastKnownFileType = file.xib; path = ArticleCell.xib; sourceTree = "<group>"; };
		A61417F72A641742000F8551 /* UItableViewExtensions.swift */ = {isa = PBXFileReference; lastKnownFileType = sourcecode.swift; path = UItableViewExtensions.swift; sourceTree = "<group>"; };
		A61A00544C2017B3B6524091 /* Pods-CaseStudyProductListing.debug.xcconfig */ = {isa = PBXFileReference; includeInIndex = 1; lastKnownFileType = text.xcconfig; name = "Pods-CaseStudyProductListing.debug.xcconfig"; path = "Target Support Files/Pods-CaseStudyProductListing/Pods-CaseStudyProductListing.debug.xcconfig"; sourceTree = "<group>"; };
		A6EDEF952A5FF13500595DE5 /* CaseStudyProductListing.app */ = {isa = PBXFileReference; explicitFileType = wrapper.application; includeInIndex = 0; path = CaseStudyProductListing.app; sourceTree = BUILT_PRODUCTS_DIR; };
		A6EDEF982A5FF13500595DE5 /* AppDelegate.swift */ = {isa = PBXFileReference; lastKnownFileType = sourcecode.swift; path = AppDelegate.swift; sourceTree = "<group>"; };
		A6EDEF9A2A5FF13500595DE5 /* SceneDelegate.swift */ = {isa = PBXFileReference; lastKnownFileType = sourcecode.swift; path = SceneDelegate.swift; sourceTree = "<group>"; };
		A6EDEF9F2A5FF13500595DE5 /* Base */ = {isa = PBXFileReference; lastKnownFileType = file.storyboard; name = Base; path = Base.lproj/Main.storyboard; sourceTree = "<group>"; };
		A6EDEFA12A5FF13B00595DE5 /* Assets.xcassets */ = {isa = PBXFileReference; lastKnownFileType = folder.assetcatalog; path = Assets.xcassets; sourceTree = "<group>"; };
		A6EDEFA42A5FF13C00595DE5 /* Base */ = {isa = PBXFileReference; lastKnownFileType = file.storyboard; name = Base; path = Base.lproj/LaunchScreen.storyboard; sourceTree = "<group>"; };
		A6EDEFA62A5FF13C00595DE5 /* Info.plist */ = {isa = PBXFileReference; lastKnownFileType = text.plist.xml; path = Info.plist; sourceTree = "<group>"; };
		A6EDEFAB2A5FF13E00595DE5 /* CaseStudyProductListingTests.xctest */ = {isa = PBXFileReference; explicitFileType = wrapper.cfbundle; includeInIndex = 0; path = CaseStudyProductListingTests.xctest; sourceTree = BUILT_PRODUCTS_DIR; };
		A6EDEFAF2A5FF13E00595DE5 /* CaseStudyProductListingTests.swift */ = {isa = PBXFileReference; lastKnownFileType = sourcecode.swift; path = CaseStudyProductListingTests.swift; sourceTree = "<group>"; };
		A6EDEFB52A5FF13E00595DE5 /* CaseStudyProductListingUITests.xctest */ = {isa = PBXFileReference; explicitFileType = wrapper.cfbundle; includeInIndex = 0; path = CaseStudyProductListingUITests.xctest; sourceTree = BUILT_PRODUCTS_DIR; };
		A6EDEFB92A5FF13E00595DE5 /* CaseStudyProductListingUITests.swift */ = {isa = PBXFileReference; lastKnownFileType = sourcecode.swift; path = CaseStudyProductListingUITests.swift; sourceTree = "<group>"; };
		A6EDEFBB2A5FF13E00595DE5 /* CaseStudyProductListingUITestsLaunchTests.swift */ = {isa = PBXFileReference; lastKnownFileType = sourcecode.swift; path = CaseStudyProductListingUITestsLaunchTests.swift; sourceTree = "<group>"; };
		A6EDEFCE2A6026C600595DE5 /* en */ = {isa = PBXFileReference; lastKnownFileType = text.plist.strings; name = en; path = en.lproj/Localizable.strings; sourceTree = "<group>"; };
		A6EDEFD02A6026FD00595DE5 /* ar */ = {isa = PBXFileReference; lastKnownFileType = text.plist.strings; name = ar; path = ar.lproj/Localizable.strings; sourceTree = "<group>"; };
		A6EDEFD12A602BE800595DE5 /* NetworkManager.swift */ = {isa = PBXFileReference; lastKnownFileType = sourcecode.swift; path = NetworkManager.swift; sourceTree = "<group>"; };
		A6EDEFD32A60B54400595DE5 /* Observable.swift */ = {isa = PBXFileReference; lastKnownFileType = sourcecode.swift; path = Observable.swift; sourceTree = "<group>"; };
		A6EDEFDD2A61648200595DE5 /* DashboardViewModel.swift */ = {isa = PBXFileReference; lastKnownFileType = sourcecode.swift; path = DashboardViewModel.swift; sourceTree = "<group>"; };
		A6EDEFDF2A6164E600595DE5 /* RegistrationViewModel.swift */ = {isa = PBXFileReference; lastKnownFileType = sourcecode.swift; path = RegistrationViewModel.swift; sourceTree = "<group>"; };
		A6EDEFE12A6165EC00595DE5 /* Articles.swift */ = {isa = PBXFileReference; lastKnownFileType = sourcecode.swift; path = Articles.swift; sourceTree = "<group>"; };
		A6EDEFE82A61711800595DE5 /* DashboardViewController.swift */ = {isa = PBXFileReference; lastKnownFileType = sourcecode.swift; path = DashboardViewController.swift; sourceTree = "<group>"; };
		A6EDEFEA2A61713C00595DE5 /* RegistrationViewController.swift */ = {isa = PBXFileReference; lastKnownFileType = sourcecode.swift; path = RegistrationViewController.swift; sourceTree = "<group>"; };
		ACDCE3447794B7A0E2FEB6EF /* Pods_CaseStudyProductListing_CaseStudyProductListingUITests.framework */ = {isa = PBXFileReference; explicitFileType = wrapper.framework; includeInIndex = 0; path = Pods_CaseStudyProductListing_CaseStudyProductListingUITests.framework; sourceTree = BUILT_PRODUCTS_DIR; };
		B9A4378764A86F9F791BA3A3 /* Pods-CaseStudyProductListingTests.debug.xcconfig */ = {isa = PBXFileReference; includeInIndex = 1; lastKnownFileType = text.xcconfig; name = "Pods-CaseStudyProductListingTests.debug.xcconfig"; path = "Target Support Files/Pods-CaseStudyProductListingTests/Pods-CaseStudyProductListingTests.debug.xcconfig"; sourceTree = "<group>"; };
		C07B035CC1B151A516B497A1 /* Pods_CaseStudyProductListingTests.framework */ = {isa = PBXFileReference; explicitFileType = wrapper.framework; includeInIndex = 0; path = Pods_CaseStudyProductListingTests.framework; sourceTree = BUILT_PRODUCTS_DIR; };
		ED26EA5F3C1D9001DDEA1E81 /* Pods-CaseStudyProductListingTests.release.xcconfig */ = {isa = PBXFileReference; includeInIndex = 1; lastKnownFileType = text.xcconfig; name = "Pods-CaseStudyProductListingTests.release.xcconfig"; path = "Target Support Files/Pods-CaseStudyProductListingTests/Pods-CaseStudyProductListingTests.release.xcconfig"; sourceTree = "<group>"; };
		EDA6B17D78D0EC99FCB5C098 /* Pods_CaseStudyProductListing.framework */ = {isa = PBXFileReference; explicitFileType = wrapper.framework; includeInIndex = 0; path = Pods_CaseStudyProductListing.framework; sourceTree = BUILT_PRODUCTS_DIR; };
/* End PBXFileReference section */

/* Begin PBXFrameworksBuildPhase section */
		A6EDEF922A5FF13500595DE5 /* Frameworks */ = {
			isa = PBXFrameworksBuildPhase;
			buildActionMask = 2147483647;
			files = (
				C31A3ADA199D4547E3C28062 /* Pods_CaseStudyProductListing.framework in Frameworks */,
			);
			runOnlyForDeploymentPostprocessing = 0;
		};
		A6EDEFA82A5FF13E00595DE5 /* Frameworks */ = {
			isa = PBXFrameworksBuildPhase;
			buildActionMask = 2147483647;
			files = (
				6A8AAE9219AC6832992D08FA /* Pods_CaseStudyProductListingTests.framework in Frameworks */,
			);
			runOnlyForDeploymentPostprocessing = 0;
		};
		A6EDEFB22A5FF13E00595DE5 /* Frameworks */ = {
			isa = PBXFrameworksBuildPhase;
			buildActionMask = 2147483647;
			files = (
				1F334AA37B125AD9249EFD8B /* Pods_CaseStudyProductListing_CaseStudyProductListingUITests.framework in Frameworks */,
			);
			runOnlyForDeploymentPostprocessing = 0;
		};
/* End PBXFrameworksBuildPhase section */

/* Begin PBXGroup section */
		31129A04D638D3D5AE506242 /* Frameworks */ = {
			isa = PBXGroup;
			children = (
				EDA6B17D78D0EC99FCB5C098 /* Pods_CaseStudyProductListing.framework */,
				ACDCE3447794B7A0E2FEB6EF /* Pods_CaseStudyProductListing_CaseStudyProductListingUITests.framework */,
				C07B035CC1B151A516B497A1 /* Pods_CaseStudyProductListingTests.framework */,
			);
			name = Frameworks;
			sourceTree = "<group>";
		};
		A60E718C2A64C04000CC00FD /* Registration */ = {
			isa = PBXGroup;
			children = (
				A60E718D2A64C07000CC00FD /* RegistrationViewModelTest.swift */,
			);
			path = Registration;
			sourceTree = "<group>";
		};
		A60E71932A64C7E800CC00FD /* Dashboard */ = {
			isa = PBXGroup;
			children = (
				A60E71942A64C81000CC00FD /* DashboardViewModelTest.swift */,
			);
			path = Dashboard;
			sourceTree = "<group>";
		};
		A61417E62A62046E000F8551 /* Routing */ = {
			isa = PBXGroup;
			children = (
				A61417E72A62049D000F8551 /* RegistrationModule.swift */,
				A61417E92A62053E000F8551 /* RegistrationRouter.swift */,
			);
			path = Routing;
			sourceTree = "<group>";
		};
		A61417EB2A6205EB000F8551 /* Routing */ = {
			isa = PBXGroup;
			children = (
				A61417EC2A620607000F8551 /* DashboardModule.swift */,
				A61417EE2A620B61000F8551 /* DashboardRouter.swift */,
			);
			path = Routing;
			sourceTree = "<group>";
		};
		A61417F02A6400FA000F8551 /* Cells */ = {
			isa = PBXGroup;
			children = (
				A61417F12A640121000F8551 /* ArticleCell.swift */,
				A61417F22A640121000F8551 /* ArticleCell.xib */,
			);
			path = Cells;
			sourceTree = "<group>";
		};
		A61417F52A641718000F8551 /* Shared */ = {
			isa = PBXGroup;
			children = (
				A6EDEFE52A616FCF00595DE5 /* Observable */,
				A61417F62A641724000F8551 /* Extensions */,
				A6EDEFC92A601E5800595DE5 /* NetworkManager */,
			);
			path = Shared;
			sourceTree = "<group>";
		};
		A61417F62A641724000F8551 /* Extensions */ = {
			isa = PBXGroup;
			children = (
				A61417F72A641742000F8551 /* UItableViewExtensions.swift */,
			);
			path = Extensions;
			sourceTree = "<group>";
		};
		A6EDEF8C2A5FF13500595DE5 = {
			isa = PBXGroup;
			children = (
				A6EDEF972A5FF13500595DE5 /* CaseStudyProductListing */,
				A6EDEFAE2A5FF13E00595DE5 /* CaseStudyProductListingTests */,
				A6EDEFB82A5FF13E00595DE5 /* CaseStudyProductListingUITests */,
				A6EDEF962A5FF13500595DE5 /* Products */,
				E50632F1C23D7276B9BF3114 /* Pods */,
				31129A04D638D3D5AE506242 /* Frameworks */,
			);
			sourceTree = "<group>";
		};
		A6EDEF962A5FF13500595DE5 /* Products */ = {
			isa = PBXGroup;
			children = (
				A6EDEF952A5FF13500595DE5 /* CaseStudyProductListing.app */,
				A6EDEFAB2A5FF13E00595DE5 /* CaseStudyProductListingTests.xctest */,
				A6EDEFB52A5FF13E00595DE5 /* CaseStudyProductListingUITests.xctest */,
			);
			name = Products;
			sourceTree = "<group>";
		};
		A6EDEF972A5FF13500595DE5 /* CaseStudyProductListing */ = {
			isa = PBXGroup;
			children = (
				A6EDEF982A5FF13500595DE5 /* AppDelegate.swift */,
				A6EDEF9A2A5FF13500595DE5 /* SceneDelegate.swift */,
				A6EDEFD52A6163E900595DE5 /* Registration */,
				A6EDEFD62A6163F600595DE5 /* Dashboard */,
				A61417F52A641718000F8551 /* Shared */,
				A6EDEFE62A616FF500595DE5 /* Storyboards */,
				A6EDEFA12A5FF13B00595DE5 /* Assets.xcassets */,
				A6EDEFCF2A6026C600595DE5 /* Localizable.strings */,
				A6EDEFA62A5FF13C00595DE5 /* Info.plist */,
			);
			path = CaseStudyProductListing;
			sourceTree = "<group>";
		};
		A6EDEFAE2A5FF13E00595DE5 /* CaseStudyProductListingTests */ = {
			isa = PBXGroup;
			children = (
				A6EDEFAF2A5FF13E00595DE5 /* CaseStudyProductListingTests.swift */,
				A60E718C2A64C04000CC00FD /* Registration */,
				A60E71932A64C7E800CC00FD /* Dashboard */,
			);
			path = CaseStudyProductListingTests;
			sourceTree = "<group>";
		};
		A6EDEFB82A5FF13E00595DE5 /* CaseStudyProductListingUITests */ = {
			isa = PBXGroup;
			children = (
				A6EDEFB92A5FF13E00595DE5 /* CaseStudyProductListingUITests.swift */,
				A6EDEFBB2A5FF13E00595DE5 /* CaseStudyProductListingUITestsLaunchTests.swift */,
			);
			path = CaseStudyProductListingUITests;
			sourceTree = "<group>";
		};
		A6EDEFC92A601E5800595DE5 /* NetworkManager */ = {
			isa = PBXGroup;
			children = (
				A6EDEFD12A602BE800595DE5 /* NetworkManager.swift */,
			);
			path = NetworkManager;
			sourceTree = "<group>";
		};
		A6EDEFD52A6163E900595DE5 /* Registration */ = {
			isa = PBXGroup;
			children = (
				A61417E62A62046E000F8551 /* Routing */,
				A6EDEFDC2A61643B00595DE5 /* Views */,
				A6EDEFD92A61642500595DE5 /* ViewModel */,
			);
			path = Registration;
			sourceTree = "<group>";
		};
		A6EDEFD62A6163F600595DE5 /* Dashboard */ = {
			isa = PBXGroup;
			children = (
				A61417EB2A6205EB000F8551 /* Routing */,
				A6EDEFDB2A61643500595DE5 /* Views */,
				A6EDEFD82A61641000595DE5 /* ViewModel */,
				A6EDEFD72A61640200595DE5 /* Model */,
			);
			path = Dashboard;
			sourceTree = "<group>";
		};
		A6EDEFD72A61640200595DE5 /* Model */ = {
			isa = PBXGroup;
			children = (
				A6EDEFE12A6165EC00595DE5 /* Articles.swift */,
			);
			path = Model;
			sourceTree = "<group>";
		};
		A6EDEFD82A61641000595DE5 /* ViewModel */ = {
			isa = PBXGroup;
			children = (
				A6EDEFDD2A61648200595DE5 /* DashboardViewModel.swift */,
			);
			path = ViewModel;
			sourceTree = "<group>";
		};
		A6EDEFD92A61642500595DE5 /* ViewModel */ = {
			isa = PBXGroup;
			children = (
				A6EDEFDF2A6164E600595DE5 /* RegistrationViewModel.swift */,
			);
			path = ViewModel;
			sourceTree = "<group>";
		};
		A6EDEFDB2A61643500595DE5 /* Views */ = {
			isa = PBXGroup;
			children = (
				A61417F02A6400FA000F8551 /* Cells */,
				A6EDEFE82A61711800595DE5 /* DashboardViewController.swift */,
			);
			path = Views;
			sourceTree = "<group>";
		};
		A6EDEFDC2A61643B00595DE5 /* Views */ = {
			isa = PBXGroup;
			children = (
				A6EDEFEA2A61713C00595DE5 /* RegistrationViewController.swift */,
			);
			path = Views;
			sourceTree = "<group>";
		};
		A6EDEFE52A616FCF00595DE5 /* Observable */ = {
			isa = PBXGroup;
			children = (
				A6EDEFD32A60B54400595DE5 /* Observable.swift */,
			);
			path = Observable;
			sourceTree = "<group>";
		};
		A6EDEFE62A616FF500595DE5 /* Storyboards */ = {
			isa = PBXGroup;
			children = (
				A6EDEF9E2A5FF13500595DE5 /* Main.storyboard */,
				A6EDEFA32A5FF13C00595DE5 /* LaunchScreen.storyboard */,
			);
			path = Storyboards;
			sourceTree = "<group>";
		};
		E50632F1C23D7276B9BF3114 /* Pods */ = {
			isa = PBXGroup;
			children = (
				A61A00544C2017B3B6524091 /* Pods-CaseStudyProductListing.debug.xcconfig */,
				0D12AC5F51C00EB467976A2A /* Pods-CaseStudyProductListing.release.xcconfig */,
				A211FAE2EC21088D653328E2 /* Pods-CaseStudyProductListing-CaseStudyProductListingUITests.debug.xcconfig */,
				876738D7445EFA322CDAEABC /* Pods-CaseStudyProductListing-CaseStudyProductListingUITests.release.xcconfig */,
				B9A4378764A86F9F791BA3A3 /* Pods-CaseStudyProductListingTests.debug.xcconfig */,
				ED26EA5F3C1D9001DDEA1E81 /* Pods-CaseStudyProductListingTests.release.xcconfig */,
			);
			path = Pods;
			sourceTree = "<group>";
		};
/* End PBXGroup section */

/* Begin PBXNativeTarget section */
		A6EDEF942A5FF13500595DE5 /* CaseStudyProductListing */ = {
			isa = PBXNativeTarget;
			buildConfigurationList = A6EDEFBF2A5FF13E00595DE5 /* Build configuration list for PBXNativeTarget "CaseStudyProductListing" */;
			buildPhases = (
				03D97B8D3AFD485C1A8C95FE /* [CP] Check Pods Manifest.lock */,
				A6EDEF912A5FF13500595DE5 /* Sources */,
				A6EDEF922A5FF13500595DE5 /* Frameworks */,
				A6EDEF932A5FF13500595DE5 /* Resources */,
				A6EDEFC82A601D5400595DE5 /* SwiftLint */,
				C97FD115AD26BE1CB0276847 /* [CP] Embed Pods Frameworks */,
			);
			buildRules = (
			);
			dependencies = (
			);
			name = CaseStudyProductListing;
			productName = CaseStudyProductListing;
			productReference = A6EDEF952A5FF13500595DE5 /* CaseStudyProductListing.app */;
			productType = "com.apple.product-type.application";
		};
		A6EDEFAA2A5FF13E00595DE5 /* CaseStudyProductListingTests */ = {
			isa = PBXNativeTarget;
			buildConfigurationList = A6EDEFC22A5FF13E00595DE5 /* Build configuration list for PBXNativeTarget "CaseStudyProductListingTests" */;
			buildPhases = (
				44FF18640C5D0639BEA3E1FE /* [CP] Check Pods Manifest.lock */,
				A6EDEFA72A5FF13E00595DE5 /* Sources */,
				A6EDEFA82A5FF13E00595DE5 /* Frameworks */,
				A6EDEFA92A5FF13E00595DE5 /* Resources */,
			);
			buildRules = (
			);
			dependencies = (
				A6EDEFAD2A5FF13E00595DE5 /* PBXTargetDependency */,
			);
			name = CaseStudyProductListingTests;
			productName = CaseStudyProductListingTests;
			productReference = A6EDEFAB2A5FF13E00595DE5 /* CaseStudyProductListingTests.xctest */;
			productType = "com.apple.product-type.bundle.unit-test";
		};
		A6EDEFB42A5FF13E00595DE5 /* CaseStudyProductListingUITests */ = {
			isa = PBXNativeTarget;
			buildConfigurationList = A6EDEFC52A5FF13E00595DE5 /* Build configuration list for PBXNativeTarget "CaseStudyProductListingUITests" */;
			buildPhases = (
				58C26A1B2299A701A9611F3E /* [CP] Check Pods Manifest.lock */,
				A6EDEFB12A5FF13E00595DE5 /* Sources */,
				A6EDEFB22A5FF13E00595DE5 /* Frameworks */,
				A6EDEFB32A5FF13E00595DE5 /* Resources */,
				F63CDF1C2800AF3B92CDE7F6 /* [CP] Embed Pods Frameworks */,
			);
			buildRules = (
			);
			dependencies = (
				A6EDEFB72A5FF13E00595DE5 /* PBXTargetDependency */,
			);
			name = CaseStudyProductListingUITests;
			productName = CaseStudyProductListingUITests;
			productReference = A6EDEFB52A5FF13E00595DE5 /* CaseStudyProductListingUITests.xctest */;
			productType = "com.apple.product-type.bundle.ui-testing";
		};
/* End PBXNativeTarget section */

/* Begin PBXProject section */
		A6EDEF8D2A5FF13500595DE5 /* Project object */ = {
			isa = PBXProject;
			attributes = {
				BuildIndependentTargetsInParallel = 1;
				LastSwiftUpdateCheck = 1430;
				LastUpgradeCheck = 1430;
				TargetAttributes = {
					A6EDEF942A5FF13500595DE5 = {
						CreatedOnToolsVersion = 14.3.1;
					};
					A6EDEFAA2A5FF13E00595DE5 = {
						CreatedOnToolsVersion = 14.3.1;
						TestTargetID = A6EDEF942A5FF13500595DE5;
					};
					A6EDEFB42A5FF13E00595DE5 = {
						CreatedOnToolsVersion = 14.3.1;
						TestTargetID = A6EDEF942A5FF13500595DE5;
					};
				};
			};
			buildConfigurationList = A6EDEF902A5FF13500595DE5 /* Build configuration list for PBXProject "CaseStudyProductListing" */;
			compatibilityVersion = "Xcode 14.0";
			developmentRegion = en;
			hasScannedForEncodings = 0;
			knownRegions = (
				en,
				Base,
				ar,
			);
			mainGroup = A6EDEF8C2A5FF13500595DE5;
			productRefGroup = A6EDEF962A5FF13500595DE5 /* Products */;
			projectDirPath = "";
			projectRoot = "";
			targets = (
				A6EDEF942A5FF13500595DE5 /* CaseStudyProductListing */,
				A6EDEFAA2A5FF13E00595DE5 /* CaseStudyProductListingTests */,
				A6EDEFB42A5FF13E00595DE5 /* CaseStudyProductListingUITests */,
			);
		};
/* End PBXProject section */

/* Begin PBXResourcesBuildPhase section */
		A6EDEF932A5FF13500595DE5 /* Resources */ = {
			isa = PBXResourcesBuildPhase;
			buildActionMask = 2147483647;
			files = (
				A6EDEFA52A5FF13C00595DE5 /* LaunchScreen.storyboard in Resources */,
				A6EDEFCD2A6026C600595DE5 /* Localizable.strings in Resources */,
				A6EDEFA22A5FF13B00595DE5 /* Assets.xcassets in Resources */,
				A61417F42A640121000F8551 /* ArticleCell.xib in Resources */,
				A6EDEFA02A5FF13500595DE5 /* Main.storyboard in Resources */,
			);
			runOnlyForDeploymentPostprocessing = 0;
		};
		A6EDEFA92A5FF13E00595DE5 /* Resources */ = {
			isa = PBXResourcesBuildPhase;
			buildActionMask = 2147483647;
			files = (
			);
			runOnlyForDeploymentPostprocessing = 0;
		};
		A6EDEFB32A5FF13E00595DE5 /* Resources */ = {
			isa = PBXResourcesBuildPhase;
			buildActionMask = 2147483647;
			files = (
			);
			runOnlyForDeploymentPostprocessing = 0;
		};
/* End PBXResourcesBuildPhase section */

/* Begin PBXShellScriptBuildPhase section */
		03D97B8D3AFD485C1A8C95FE /* [CP] Check Pods Manifest.lock */ = {
			isa = PBXShellScriptBuildPhase;
			buildActionMask = 2147483647;
			files = (
			);
			inputFileListPaths = (
			);
			inputPaths = (
				"${PODS_PODFILE_DIR_PATH}/Podfile.lock",
				"${PODS_ROOT}/Manifest.lock",
			);
			name = "[CP] Check Pods Manifest.lock";
			outputFileListPaths = (
			);
			outputPaths = (
				"$(DERIVED_FILE_DIR)/Pods-CaseStudyProductListing-checkManifestLockResult.txt",
			);
			runOnlyForDeploymentPostprocessing = 0;
			shellPath = /bin/sh;
			shellScript = "diff \"${PODS_PODFILE_DIR_PATH}/Podfile.lock\" \"${PODS_ROOT}/Manifest.lock\" > /dev/null\nif [ $? != 0 ] ; then\n    # print error to STDERR\n    echo \"error: The sandbox is not in sync with the Podfile.lock. Run 'pod install' or update your CocoaPods installation.\" >&2\n    exit 1\nfi\n# This output is used by Xcode 'outputs' to avoid re-running this script phase.\necho \"SUCCESS\" > \"${SCRIPT_OUTPUT_FILE_0}\"\n";
			showEnvVarsInLog = 0;
		};
		44FF18640C5D0639BEA3E1FE /* [CP] Check Pods Manifest.lock */ = {
			isa = PBXShellScriptBuildPhase;
			buildActionMask = 2147483647;
			files = (
			);
			inputFileListPaths = (
			);
			inputPaths = (
				"${PODS_PODFILE_DIR_PATH}/Podfile.lock",
				"${PODS_ROOT}/Manifest.lock",
			);
			name = "[CP] Check Pods Manifest.lock";
			outputFileListPaths = (
			);
			outputPaths = (
				"$(DERIVED_FILE_DIR)/Pods-CaseStudyProductListingTests-checkManifestLockResult.txt",
			);
			runOnlyForDeploymentPostprocessing = 0;
			shellPath = /bin/sh;
			shellScript = "diff \"${PODS_PODFILE_DIR_PATH}/Podfile.lock\" \"${PODS_ROOT}/Manifest.lock\" > /dev/null\nif [ $? != 0 ] ; then\n    # print error to STDERR\n    echo \"error: The sandbox is not in sync with the Podfile.lock. Run 'pod install' or update your CocoaPods installation.\" >&2\n    exit 1\nfi\n# This output is used by Xcode 'outputs' to avoid re-running this script phase.\necho \"SUCCESS\" > \"${SCRIPT_OUTPUT_FILE_0}\"\n";
			showEnvVarsInLog = 0;
		};
		58C26A1B2299A701A9611F3E /* [CP] Check Pods Manifest.lock */ = {
			isa = PBXShellScriptBuildPhase;
			buildActionMask = 2147483647;
			files = (
			);
			inputFileListPaths = (
			);
			inputPaths = (
				"${PODS_PODFILE_DIR_PATH}/Podfile.lock",
				"${PODS_ROOT}/Manifest.lock",
			);
			name = "[CP] Check Pods Manifest.lock";
			outputFileListPaths = (
			);
			outputPaths = (
				"$(DERIVED_FILE_DIR)/Pods-CaseStudyProductListing-CaseStudyProductListingUITests-checkManifestLockResult.txt",
			);
			runOnlyForDeploymentPostprocessing = 0;
			shellPath = /bin/sh;
			shellScript = "diff \"${PODS_PODFILE_DIR_PATH}/Podfile.lock\" \"${PODS_ROOT}/Manifest.lock\" > /dev/null\nif [ $? != 0 ] ; then\n    # print error to STDERR\n    echo \"error: The sandbox is not in sync with the Podfile.lock. Run 'pod install' or update your CocoaPods installation.\" >&2\n    exit 1\nfi\n# This output is used by Xcode 'outputs' to avoid re-running this script phase.\necho \"SUCCESS\" > \"${SCRIPT_OUTPUT_FILE_0}\"\n";
			showEnvVarsInLog = 0;
		};
		A6EDEFC82A601D5400595DE5 /* SwiftLint */ = {
			isa = PBXShellScriptBuildPhase;
			alwaysOutOfDate = 1;
			buildActionMask = 2147483647;
			files = (
			);
			inputFileListPaths = (
			);
			inputPaths = (
			);
			name = SwiftLint;
			outputFileListPaths = (
			);
			outputPaths = (
			);
			runOnlyForDeploymentPostprocessing = 0;
			shellPath = /bin/sh;
			shellScript = "${PODS_ROOT}/SwiftLint/swiftlint\n";
			showEnvVarsInLog = 0;
		};
		C97FD115AD26BE1CB0276847 /* [CP] Embed Pods Frameworks */ = {
			isa = PBXShellScriptBuildPhase;
			buildActionMask = 2147483647;
			files = (
			);
			inputFileListPaths = (
				"${PODS_ROOT}/Target Support Files/Pods-CaseStudyProductListing/Pods-CaseStudyProductListing-frameworks-${CONFIGURATION}-input-files.xcfilelist",
			);
			name = "[CP] Embed Pods Frameworks";
			outputFileListPaths = (
				"${PODS_ROOT}/Target Support Files/Pods-CaseStudyProductListing/Pods-CaseStudyProductListing-frameworks-${CONFIGURATION}-output-files.xcfilelist",
			);
			runOnlyForDeploymentPostprocessing = 0;
			shellPath = /bin/sh;
			shellScript = "\"${PODS_ROOT}/Target Support Files/Pods-CaseStudyProductListing/Pods-CaseStudyProductListing-frameworks.sh\"\n";
			showEnvVarsInLog = 0;
		};
		F63CDF1C2800AF3B92CDE7F6 /* [CP] Embed Pods Frameworks */ = {
			isa = PBXShellScriptBuildPhase;
			buildActionMask = 2147483647;
			files = (
			);
			inputFileListPaths = (
				"${PODS_ROOT}/Target Support Files/Pods-CaseStudyProductListing-CaseStudyProductListingUITests/Pods-CaseStudyProductListing-CaseStudyProductListingUITests-frameworks-${CONFIGURATION}-input-files.xcfilelist",
			);
			name = "[CP] Embed Pods Frameworks";
			outputFileListPaths = (
				"${PODS_ROOT}/Target Support Files/Pods-CaseStudyProductListing-CaseStudyProductListingUITests/Pods-CaseStudyProductListing-CaseStudyProductListingUITests-frameworks-${CONFIGURATION}-output-files.xcfilelist",
			);
			runOnlyForDeploymentPostprocessing = 0;
			shellPath = /bin/sh;
			shellScript = "\"${PODS_ROOT}/Target Support Files/Pods-CaseStudyProductListing-CaseStudyProductListingUITests/Pods-CaseStudyProductListing-CaseStudyProductListingUITests-frameworks.sh\"\n";
			showEnvVarsInLog = 0;
		};
/* End PBXShellScriptBuildPhase section */

/* Begin PBXSourcesBuildPhase section */
		A6EDEF912A5FF13500595DE5 /* Sources */ = {
			isa = PBXSourcesBuildPhase;
			buildActionMask = 2147483647;
			files = (
				A6EDEFE22A6165EC00595DE5 /* Articles.swift in Sources */,
				A61417E82A62049D000F8551 /* RegistrationModule.swift in Sources */,
				A6EDEFE92A61711800595DE5 /* DashboardViewController.swift in Sources */,
				A61417EF2A620B61000F8551 /* DashboardRouter.swift in Sources */,
				A6EDEFD22A602BE800595DE5 /* NetworkManager.swift in Sources */,
				A6EDEFD42A60B54500595DE5 /* Observable.swift in Sources */,
				A61417ED2A620607000F8551 /* DashboardModule.swift in Sources */,
				A61417F82A641742000F8551 /* UItableViewExtensions.swift in Sources */,
				A6EDEFEB2A61713C00595DE5 /* RegistrationViewController.swift in Sources */,
				A61417F32A640121000F8551 /* ArticleCell.swift in Sources */,
				A6EDEFE02A6164E600595DE5 /* RegistrationViewModel.swift in Sources */,
				A6EDEFDE2A61648200595DE5 /* DashboardViewModel.swift in Sources */,
				A6EDEF992A5FF13500595DE5 /* AppDelegate.swift in Sources */,
				A6EDEF9B2A5FF13500595DE5 /* SceneDelegate.swift in Sources */,
				A61417EA2A62053E000F8551 /* RegistrationRouter.swift in Sources */,
			);
			runOnlyForDeploymentPostprocessing = 0;
		};
		A6EDEFA72A5FF13E00595DE5 /* Sources */ = {
			isa = PBXSourcesBuildPhase;
			buildActionMask = 2147483647;
			files = (
				A6EDEFE32A6165EC00595DE5 /* Articles.swift in Sources */,
				A60E71902A64C1A300CC00FD /* DashboardViewModel.swift in Sources */,
				A60E718F2A64C18D00CC00FD /* RegistrationViewModel.swift in Sources */,
				A60E71952A64C81000CC00FD /* DashboardViewModelTest.swift in Sources */,
				A60E71922A64C61F00CC00FD /* NetworkManager.swift in Sources */,
				A6EDEFB02A5FF13E00595DE5 /* CaseStudyProductListingTests.swift in Sources */,
				A60E71912A64C5E200CC00FD /* Observable.swift in Sources */,
				A60E718E2A64C07000CC00FD /* RegistrationViewModelTest.swift in Sources */,
			);
			runOnlyForDeploymentPostprocessing = 0;
		};
		A6EDEFB12A5FF13E00595DE5 /* Sources */ = {
			isa = PBXSourcesBuildPhase;
			buildActionMask = 2147483647;
			files = (
				A6EDEFBA2A5FF13E00595DE5 /* CaseStudyProductListingUITests.swift in Sources */,
				A6EDEFBC2A5FF13E00595DE5 /* CaseStudyProductListingUITestsLaunchTests.swift in Sources */,
			);
			runOnlyForDeploymentPostprocessing = 0;
		};
/* End PBXSourcesBuildPhase section */

/* Begin PBXTargetDependency section */
		A6EDEFAD2A5FF13E00595DE5 /* PBXTargetDependency */ = {
			isa = PBXTargetDependency;
			target = A6EDEF942A5FF13500595DE5 /* CaseStudyProductListing */;
			targetProxy = A6EDEFAC2A5FF13E00595DE5 /* PBXContainerItemProxy */;
		};
		A6EDEFB72A5FF13E00595DE5 /* PBXTargetDependency */ = {
			isa = PBXTargetDependency;
			target = A6EDEF942A5FF13500595DE5 /* CaseStudyProductListing */;
			targetProxy = A6EDEFB62A5FF13E00595DE5 /* PBXContainerItemProxy */;
		};
/* End PBXTargetDependency section */

/* Begin PBXVariantGroup section */
		A6EDEF9E2A5FF13500595DE5 /* Main.storyboard */ = {
			isa = PBXVariantGroup;
			children = (
				A6EDEF9F2A5FF13500595DE5 /* Base */,
			);
			name = Main.storyboard;
			sourceTree = "<group>";
		};
		A6EDEFA32A5FF13C00595DE5 /* LaunchScreen.storyboard */ = {
			isa = PBXVariantGroup;
			children = (
				A6EDEFA42A5FF13C00595DE5 /* Base */,
			);
			name = LaunchScreen.storyboard;
			sourceTree = "<group>";
		};
		A6EDEFCF2A6026C600595DE5 /* Localizable.strings */ = {
			isa = PBXVariantGroup;
			children = (
				A6EDEFCE2A6026C600595DE5 /* en */,
				A6EDEFD02A6026FD00595DE5 /* ar */,
			);
			name = Localizable.strings;
			path = /Users/atulvishnoi/CaseStudyProductListing/CaseStudyProductListing;
			sourceTree = "<absolute>";
		};
/* End PBXVariantGroup section */

/* Begin XCBuildConfiguration section */
		A6EDEFBD2A5FF13E00595DE5 /* Debug */ = {
			isa = XCBuildConfiguration;
			buildSettings = {
				ALWAYS_SEARCH_USER_PATHS = NO;
				CLANG_ANALYZER_LOCALIZABILITY_NONLOCALIZED = YES;
				CLANG_ANALYZER_NONNULL = YES;
				CLANG_ANALYZER_NUMBER_OBJECT_CONVERSION = YES_AGGRESSIVE;
				CLANG_CXX_LANGUAGE_STANDARD = "gnu++20";
				CLANG_ENABLE_MODULES = YES;
				CLANG_ENABLE_OBJC_ARC = YES;
				CLANG_ENABLE_OBJC_WEAK = YES;
				CLANG_WARN_BLOCK_CAPTURE_AUTORELEASING = YES;
				CLANG_WARN_BOOL_CONVERSION = YES;
				CLANG_WARN_COMMA = YES;
				CLANG_WARN_CONSTANT_CONVERSION = YES;
				CLANG_WARN_DEPRECATED_OBJC_IMPLEMENTATIONS = YES;
				CLANG_WARN_DIRECT_OBJC_ISA_USAGE = YES_ERROR;
				CLANG_WARN_DOCUMENTATION_COMMENTS = YES;
				CLANG_WARN_EMPTY_BODY = YES;
				CLANG_WARN_ENUM_CONVERSION = YES;
				CLANG_WARN_INFINITE_RECURSION = YES;
				CLANG_WARN_INT_CONVERSION = YES;
				CLANG_WARN_NON_LITERAL_NULL_CONVERSION = YES;
				CLANG_WARN_OBJC_IMPLICIT_RETAIN_SELF = YES;
				CLANG_WARN_OBJC_LITERAL_CONVERSION = YES;
				CLANG_WARN_OBJC_ROOT_CLASS = YES_ERROR;
				CLANG_WARN_QUOTED_INCLUDE_IN_FRAMEWORK_HEADER = YES;
				CLANG_WARN_RANGE_LOOP_ANALYSIS = YES;
				CLANG_WARN_STRICT_PROTOTYPES = YES;
				CLANG_WARN_SUSPICIOUS_MOVE = YES;
				CLANG_WARN_UNGUARDED_AVAILABILITY = YES_AGGRESSIVE;
				CLANG_WARN_UNREACHABLE_CODE = YES;
				CLANG_WARN__DUPLICATE_METHOD_MATCH = YES;
				COPY_PHASE_STRIP = NO;
				DEBUG_INFORMATION_FORMAT = dwarf;
				ENABLE_STRICT_OBJC_MSGSEND = YES;
				ENABLE_TESTABILITY = YES;
				GCC_C_LANGUAGE_STANDARD = gnu11;
				GCC_DYNAMIC_NO_PIC = NO;
				GCC_NO_COMMON_BLOCKS = YES;
				GCC_OPTIMIZATION_LEVEL = 0;
				GCC_PREPROCESSOR_DEFINITIONS = (
					"DEBUG=1",
					"$(inherited)",
				);
				GCC_WARN_64_TO_32_BIT_CONVERSION = YES;
				GCC_WARN_ABOUT_RETURN_TYPE = YES_ERROR;
				GCC_WARN_UNDECLARED_SELECTOR = YES;
				GCC_WARN_UNINITIALIZED_AUTOS = YES_AGGRESSIVE;
				GCC_WARN_UNUSED_FUNCTION = YES;
				GCC_WARN_UNUSED_VARIABLE = YES;
				IPHONEOS_DEPLOYMENT_TARGET = 16.4;
				MTL_ENABLE_DEBUG_INFO = INCLUDE_SOURCE;
				MTL_FAST_MATH = YES;
				ONLY_ACTIVE_ARCH = YES;
				SDKROOT = iphoneos;
				SWIFT_ACTIVE_COMPILATION_CONDITIONS = DEBUG;
				SWIFT_OPTIMIZATION_LEVEL = "-Onone";
			};
			name = Debug;
		};
		A6EDEFBE2A5FF13E00595DE5 /* Release */ = {
			isa = XCBuildConfiguration;
			buildSettings = {
				ALWAYS_SEARCH_USER_PATHS = NO;
				CLANG_ANALYZER_LOCALIZABILITY_NONLOCALIZED = YES;
				CLANG_ANALYZER_NONNULL = YES;
				CLANG_ANALYZER_NUMBER_OBJECT_CONVERSION = YES_AGGRESSIVE;
				CLANG_CXX_LANGUAGE_STANDARD = "gnu++20";
				CLANG_ENABLE_MODULES = YES;
				CLANG_ENABLE_OBJC_ARC = YES;
				CLANG_ENABLE_OBJC_WEAK = YES;
				CLANG_WARN_BLOCK_CAPTURE_AUTORELEASING = YES;
				CLANG_WARN_BOOL_CONVERSION = YES;
				CLANG_WARN_COMMA = YES;
				CLANG_WARN_CONSTANT_CONVERSION = YES;
				CLANG_WARN_DEPRECATED_OBJC_IMPLEMENTATIONS = YES;
				CLANG_WARN_DIRECT_OBJC_ISA_USAGE = YES_ERROR;
				CLANG_WARN_DOCUMENTATION_COMMENTS = YES;
				CLANG_WARN_EMPTY_BODY = YES;
				CLANG_WARN_ENUM_CONVERSION = YES;
				CLANG_WARN_INFINITE_RECURSION = YES;
				CLANG_WARN_INT_CONVERSION = YES;
				CLANG_WARN_NON_LITERAL_NULL_CONVERSION = YES;
				CLANG_WARN_OBJC_IMPLICIT_RETAIN_SELF = YES;
				CLANG_WARN_OBJC_LITERAL_CONVERSION = YES;
				CLANG_WARN_OBJC_ROOT_CLASS = YES_ERROR;
				CLANG_WARN_QUOTED_INCLUDE_IN_FRAMEWORK_HEADER = YES;
				CLANG_WARN_RANGE_LOOP_ANALYSIS = YES;
				CLANG_WARN_STRICT_PROTOTYPES = YES;
				CLANG_WARN_SUSPICIOUS_MOVE = YES;
				CLANG_WARN_UNGUARDED_AVAILABILITY = YES_AGGRESSIVE;
				CLANG_WARN_UNREACHABLE_CODE = YES;
				CLANG_WARN__DUPLICATE_METHOD_MATCH = YES;
				COPY_PHASE_STRIP = NO;
				DEBUG_INFORMATION_FORMAT = "dwarf-with-dsym";
				ENABLE_NS_ASSERTIONS = NO;
				ENABLE_STRICT_OBJC_MSGSEND = YES;
				GCC_C_LANGUAGE_STANDARD = gnu11;
				GCC_NO_COMMON_BLOCKS = YES;
				GCC_WARN_64_TO_32_BIT_CONVERSION = YES;
				GCC_WARN_ABOUT_RETURN_TYPE = YES_ERROR;
				GCC_WARN_UNDECLARED_SELECTOR = YES;
				GCC_WARN_UNINITIALIZED_AUTOS = YES_AGGRESSIVE;
				GCC_WARN_UNUSED_FUNCTION = YES;
				GCC_WARN_UNUSED_VARIABLE = YES;
				IPHONEOS_DEPLOYMENT_TARGET = 16.4;
				MTL_ENABLE_DEBUG_INFO = NO;
				MTL_FAST_MATH = YES;
				SDKROOT = iphoneos;
				SWIFT_COMPILATION_MODE = wholemodule;
				SWIFT_OPTIMIZATION_LEVEL = "-O";
				VALIDATE_PRODUCT = YES;
			};
			name = Release;
		};
		A6EDEFC02A5FF13E00595DE5 /* Debug */ = {
			isa = XCBuildConfiguration;
			baseConfigurationReference = A61A00544C2017B3B6524091 /* Pods-CaseStudyProductListing.debug.xcconfig */;
			buildSettings = {
				ASSETCATALOG_COMPILER_APPICON_NAME = AppIcon;
				ASSETCATALOG_COMPILER_GLOBAL_ACCENT_COLOR_NAME = AccentColor;
				CODE_SIGN_STYLE = Automatic;
				CURRENT_PROJECT_VERSION = 1;
				GENERATE_INFOPLIST_FILE = YES;
				INFOPLIST_FILE = CaseStudyProductListing/Info.plist;
				INFOPLIST_KEY_UIApplicationSupportsIndirectInputEvents = YES;
				INFOPLIST_KEY_UILaunchStoryboardName = LaunchScreen;
				INFOPLIST_KEY_UIMainStoryboardFile = Main;
				INFOPLIST_KEY_UISupportedInterfaceOrientations_iPad = "UIInterfaceOrientationPortrait UIInterfaceOrientationPortraitUpsideDown UIInterfaceOrientationLandscapeLeft UIInterfaceOrientationLandscapeRight";
				INFOPLIST_KEY_UISupportedInterfaceOrientations_iPhone = "UIInterfaceOrientationPortrait UIInterfaceOrientationLandscapeLeft UIInterfaceOrientationLandscapeRight";
				LD_RUNPATH_SEARCH_PATHS = (
					"$(inherited)",
					"@executable_path/Frameworks",
				);
				MARKETING_VERSION = 1.0;
				PRODUCT_BUNDLE_IDENTIFIER = Ngr.CaseStudyProductListing;
				PRODUCT_NAME = "$(TARGET_NAME)";
				SWIFT_EMIT_LOC_STRINGS = YES;
				SWIFT_VERSION = 5.0;
				TARGETED_DEVICE_FAMILY = "1,2";
			};
			name = Debug;
		};
		A6EDEFC12A5FF13E00595DE5 /* Release */ = {
			isa = XCBuildConfiguration;
			baseConfigurationReference = 0D12AC5F51C00EB467976A2A /* Pods-CaseStudyProductListing.release.xcconfig */;
			buildSettings = {
				ASSETCATALOG_COMPILER_APPICON_NAME = AppIcon;
				ASSETCATALOG_COMPILER_GLOBAL_ACCENT_COLOR_NAME = AccentColor;
				CODE_SIGN_STYLE = Automatic;
				CURRENT_PROJECT_VERSION = 1;
				GENERATE_INFOPLIST_FILE = YES;
				INFOPLIST_FILE = CaseStudyProductListing/Info.plist;
				INFOPLIST_KEY_UIApplicationSupportsIndirectInputEvents = YES;
				INFOPLIST_KEY_UILaunchStoryboardName = LaunchScreen;
				INFOPLIST_KEY_UIMainStoryboardFile = Main;
				INFOPLIST_KEY_UISupportedInterfaceOrientations_iPad = "UIInterfaceOrientationPortrait UIInterfaceOrientationPortraitUpsideDown UIInterfaceOrientationLandscapeLeft UIInterfaceOrientationLandscapeRight";
				INFOPLIST_KEY_UISupportedInterfaceOrientations_iPhone = "UIInterfaceOrientationPortrait UIInterfaceOrientationLandscapeLeft UIInterfaceOrientationLandscapeRight";
				LD_RUNPATH_SEARCH_PATHS = (
					"$(inherited)",
					"@executable_path/Frameworks",
				);
				MARKETING_VERSION = 1.0;
				PRODUCT_BUNDLE_IDENTIFIER = Ngr.CaseStudyProductListing;
				PRODUCT_NAME = "$(TARGET_NAME)";
				SWIFT_EMIT_LOC_STRINGS = YES;
				SWIFT_VERSION = 5.0;
				TARGETED_DEVICE_FAMILY = "1,2";
			};
			name = Release;
		};
		A6EDEFC32A5FF13E00595DE5 /* Debug */ = {
			isa = XCBuildConfiguration;
			baseConfigurationReference = B9A4378764A86F9F791BA3A3 /* Pods-CaseStudyProductListingTests.debug.xcconfig */;
			buildSettings = {
				ALWAYS_EMBED_SWIFT_STANDARD_LIBRARIES = YES;
				BUNDLE_LOADER = "$(TEST_HOST)";
				CODE_SIGN_STYLE = Automatic;
				CURRENT_PROJECT_VERSION = 1;
				GENERATE_INFOPLIST_FILE = YES;
				IPHONEOS_DEPLOYMENT_TARGET = 16.4;
				MARKETING_VERSION = 1.0;
				PRODUCT_BUNDLE_IDENTIFIER = Ngr.CaseStudyProductListingTests;
				PRODUCT_NAME = "$(TARGET_NAME)";
				SWIFT_EMIT_LOC_STRINGS = NO;
				SWIFT_VERSION = 5.0;
				TARGETED_DEVICE_FAMILY = "1,2";
				TEST_HOST = "$(BUILT_PRODUCTS_DIR)/CaseStudyProductListing.app/$(BUNDLE_EXECUTABLE_FOLDER_PATH)/CaseStudyProductListing";
			};
			name = Debug;
		};
		A6EDEFC42A5FF13E00595DE5 /* Release */ = {
			isa = XCBuildConfiguration;
			baseConfigurationReference = ED26EA5F3C1D9001DDEA1E81 /* Pods-CaseStudyProductListingTests.release.xcconfig */;
			buildSettings = {
				ALWAYS_EMBED_SWIFT_STANDARD_LIBRARIES = YES;
				BUNDLE_LOADER = "$(TEST_HOST)";
				CODE_SIGN_STYLE = Automatic;
				CURRENT_PROJECT_VERSION = 1;
				GENERATE_INFOPLIST_FILE = YES;
				IPHONEOS_DEPLOYMENT_TARGET = 16.4;
				MARKETING_VERSION = 1.0;
				PRODUCT_BUNDLE_IDENTIFIER = Ngr.CaseStudyProductListingTests;
				PRODUCT_NAME = "$(TARGET_NAME)";
				SWIFT_EMIT_LOC_STRINGS = NO;
				SWIFT_VERSION = 5.0;
				TARGETED_DEVICE_FAMILY = "1,2";
				TEST_HOST = "$(BUILT_PRODUCTS_DIR)/CaseStudyProductListing.app/$(BUNDLE_EXECUTABLE_FOLDER_PATH)/CaseStudyProductListing";
			};
			name = Release;
		};
		A6EDEFC62A5FF13E00595DE5 /* Debug */ = {
			isa = XCBuildConfiguration;
			baseConfigurationReference = A211FAE2EC21088D653328E2 /* Pods-CaseStudyProductListing-CaseStudyProductListingUITests.debug.xcconfig */;
			buildSettings = {
				ALWAYS_EMBED_SWIFT_STANDARD_LIBRARIES = YES;
				CODE_SIGN_STYLE = Automatic;
				CURRENT_PROJECT_VERSION = 1;
				GENERATE_INFOPLIST_FILE = YES;
				MARKETING_VERSION = 1.0;
				PRODUCT_BUNDLE_IDENTIFIER = Ngr.CaseStudyProductListingUITests;
				PRODUCT_NAME = "$(TARGET_NAME)";
				SWIFT_EMIT_LOC_STRINGS = NO;
				SWIFT_VERSION = 5.0;
				TARGETED_DEVICE_FAMILY = "1,2";
				TEST_TARGET_NAME = CaseStudyProductListing;
			};
			name = Debug;
		};
		A6EDEFC72A5FF13E00595DE5 /* Release */ = {
			isa = XCBuildConfiguration;
			baseConfigurationReference = 876738D7445EFA322CDAEABC /* Pods-CaseStudyProductListing-CaseStudyProductListingUITests.release.xcconfig */;
			buildSettings = {
				ALWAYS_EMBED_SWIFT_STANDARD_LIBRARIES = YES;
				CODE_SIGN_STYLE = Automatic;
				CURRENT_PROJECT_VERSION = 1;
				GENERATE_INFOPLIST_FILE = YES;
				MARKETING_VERSION = 1.0;
				PRODUCT_BUNDLE_IDENTIFIER = Ngr.CaseStudyProductListingUITests;
				PRODUCT_NAME = "$(TARGET_NAME)";
				SWIFT_EMIT_LOC_STRINGS = NO;
				SWIFT_VERSION = 5.0;
				TARGETED_DEVICE_FAMILY = "1,2";
				TEST_TARGET_NAME = CaseStudyProductListing;
			};
			name = Release;
		};
/* End XCBuildConfiguration section */

/* Begin XCConfigurationList section */
		A6EDEF902A5FF13500595DE5 /* Build configuration list for PBXProject "CaseStudyProductListing" */ = {
			isa = XCConfigurationList;
			buildConfigurations = (
				A6EDEFBD2A5FF13E00595DE5 /* Debug */,
				A6EDEFBE2A5FF13E00595DE5 /* Release */,
			);
			defaultConfigurationIsVisible = 0;
			defaultConfigurationName = Release;
		};
		A6EDEFBF2A5FF13E00595DE5 /* Build configuration list for PBXNativeTarget "CaseStudyProductListing" */ = {
			isa = XCConfigurationList;
			buildConfigurations = (
				A6EDEFC02A5FF13E00595DE5 /* Debug */,
				A6EDEFC12A5FF13E00595DE5 /* Release */,
			);
			defaultConfigurationIsVisible = 0;
			defaultConfigurationName = Release;
		};
		A6EDEFC22A5FF13E00595DE5 /* Build configuration list for PBXNativeTarget "CaseStudyProductListingTests" */ = {
			isa = XCConfigurationList;
			buildConfigurations = (
				A6EDEFC32A5FF13E00595DE5 /* Debug */,
				A6EDEFC42A5FF13E00595DE5 /* Release */,
			);
			defaultConfigurationIsVisible = 0;
			defaultConfigurationName = Release;
		};
		A6EDEFC52A5FF13E00595DE5 /* Build configuration list for PBXNativeTarget "CaseStudyProductListingUITests" */ = {
			isa = XCConfigurationList;
			buildConfigurations = (
				A6EDEFC62A5FF13E00595DE5 /* Debug */,
				A6EDEFC72A5FF13E00595DE5 /* Release */,
			);
			defaultConfigurationIsVisible = 0;
			defaultConfigurationName = Release;
		};
/* End XCConfigurationList section */
	};
	rootObject = A6EDEF8D2A5FF13500595DE5 /* Project object */;
}
